
Microsoft Visual Studio Solution File, Format Version 12.00
# Visual Studio 15
VisualStudioVersion = 15.0.28307.1267
MinimumVisualStudioVersion = 10.0.40219.1
Project("{8BC9CEB8-8B4A-11D0-8D11-00A0C91BC942}") = "715", "715\715.vcxproj", "{BAE7A1DE-2024-4F8D-93C2-3A3D49FC8F90}"
EndProject
Global
	GlobalSection(SolutionConfigurationPlatforms) = preSolution
		Debug|x64 = Debug|x64
		Debug|x86 = Debug|x86
		Release|x64 = Release|x64
		Release|x86 = Release|x86
	EndGlobalSection
	GlobalSection(ProjectConfigurationPlatforms) = postSolution
		{BAE7A1DE-2024-4F8D-93C2-3A3D49FC8F90}.Debug|x64.ActiveCfg = Debug|x64
		{BAE7A1DE-2024-4F8D-93C2-3A3D49FC8F90}.Debug|x64.Build.0 = Debug|x64
		{BAE7A1DE-2024-4F8D-93C2-3A3D49FC8F90}.Debug|x86.ActiveCfg = Debug|Win32
		{BAE7A1DE-2024-4F8D-93C2-3A3D49FC8F90}.Debug|x86.Build.0 = Debug|Win32
		{BAE7A1DE-2024-4F8D-93C2-3A3D49FC8F90}.Release|x64.ActiveCfg = Release|x64
		{BAE7A1DE-2024-4F8D-93C2-3A3D49FC8F90}.Release|x64.Build.0 = Release|x64
		{BAE7A1DE-2024-4F8D-93C2-3A3D49FC8F90}.Release|x86.ActiveCfg = Release|Win32
		{BAE7A1DE-2024-4F8D-93C2-3A3D49FC8F90}.Release|x86.Build.0 = Release|Win32
	EndGlobalSection
	GlobalSection(SolutionProperties) = preSolution
		HideSolutionNode = FALSE
	EndGlobalSection
	GlobalSection(ExtensibilityGlobals) = postSolution
		SolutionGuid = {91B9DA4A-B9A5-4020-AE50-EF1C1DC9ADB4}
	EndGlobalSection
EndGlobal
